{
  "version": 4,
  "terraform_version": "1.3.2",
  "serial": 14,
  "lineage": "b75e9118-0da4-2ac2-2c79-98bee6b4b1e8",
  "outputs": {},
  "resources": [
    {
      "mode": "managed",
      "type": "google_compute_network",
      "name": "my_vpc",
      "provider": "provider[\"registry.terraform.io/hashicorp/google\"]",
      "instances": [
        {
          "schema_version": 0,
          "attributes": {
            "auto_create_subnetworks": true,
            "delete_default_routes_on_create": false,
            "description": "",
            "enable_ula_internal_ipv6": false,
            "gateway_ipv4": "",
            "id": "projects/playground-s-11-4465f754/global/networks/dt-vpc",
            "internal_ipv6_range": "",
            "mtu": 0,
            "name": "dt-vpc",
            "project": "playground-s-11-4465f754",
            "routing_mode": "REGIONAL",
            "self_link": "https://www.googleapis.com/compute/v1/projects/playground-s-11-4465f754/global/networks/dt-vpc",
            "timeouts": null
          },
          "sensitive_attributes": [],
          "private": "eyJlMmJmYjczMC1lY2FhLTExZTYtOGY4OC0zNDM2M2JjN2M0YzAiOnsiY3JlYXRlIjoxMjAwMDAwMDAwMDAwLCJkZWxldGUiOjEyMDAwMDAwMDAwMDAsInVwZGF0ZSI6MTIwMDAwMDAwMDAwMH19"
        }
      ]
    },
    {
      "mode": "managed",
      "type": "google_compute_subnetwork",
      "name": "my_subnet",
      "provider": "provider[\"registry.terraform.io/hashicorp/google\"]",
      "instances": [
        {
          "schema_version": 0,
          "attributes": {
            "creation_timestamp": "2023-01-26T22:18:17.741-08:00",
            "description": "",
            "external_ipv6_prefix": "",
            "fingerprint": null,
            "gateway_address": "10.0.0.1",
            "id": "projects/playground-s-11-4465f754/regions/us-central1/subnetworks/dt-subnet",
            "ip_cidr_range": "10.0.0.0/16",
            "ipv6_access_type": "",
            "ipv6_cidr_range": "",
            "log_config": [],
            "name": "dt-subnet",
            "network": "https://www.googleapis.com/compute/v1/projects/playground-s-11-4465f754/global/networks/dt-vpc",
            "private_ip_google_access": false,
            "private_ipv6_google_access": "DISABLE_GOOGLE_ACCESS",
            "project": "playground-s-11-4465f754",
            "purpose": "PRIVATE",
            "region": "us-central1",
            "role": "",
            "secondary_ip_range": [],
            "self_link": "https://www.googleapis.com/compute/v1/projects/playground-s-11-4465f754/regions/us-central1/subnetworks/dt-subnet",
            "stack_type": "IPV4_ONLY",
            "timeouts": null
          },
          "sensitive_attributes": [],
          "private": "eyJlMmJmYjczMC1lY2FhLTExZTYtOGY4OC0zNDM2M2JjN2M0YzAiOnsiY3JlYXRlIjoxMjAwMDAwMDAwMDAwLCJkZWxldGUiOjEyMDAwMDAwMDAwMDAsInVwZGF0ZSI6MTIwMDAwMDAwMDAwMH19",
          "dependencies": [
            "google_compute_network.my_vpc"
          ]
        }
      ]
    },
    {
      "mode": "managed",
      "type": "google_container_cluster",
      "name": "my_cluster",
      "provider": "provider[\"registry.terraform.io/hashicorp/google\"]",
      "instances": [
        {
          "schema_version": 1,
          "attributes": {
            "addons_config": [
              {
                "cloudrun_config": [],
                "dns_cache_config": [],
                "gce_persistent_disk_csi_driver_config": [
                  {
                    "enabled": true
                  }
                ],
                "gcp_filestore_csi_driver_config": [],
                "gke_backup_agent_config": [],
                "horizontal_pod_autoscaling": [],
                "http_load_balancing": [
                  {
                    "disabled": false
                  }
                ],
                "network_policy_config": [
                  {
                    "disabled": true
                  }
                ]
              }
            ],
            "authenticator_groups_config": [],
            "binary_authorization": [
              {
                "enabled": false,
                "evaluation_mode": ""
              }
            ],
            "cluster_autoscaling": [
              {
                "auto_provisioning_defaults": [],
                "enabled": false,
                "resource_limits": []
              }
            ],
            "cluster_ipv4_cidr": "10.4.0.0/14",
            "confidential_nodes": [],
            "cost_management_config": [],
            "database_encryption": [
              {
                "key_name": "",
                "state": "DECRYPTED"
              }
            ],
            "datapath_provider": "",
            "default_max_pods_per_node": null,
            "default_snat_status": [
              {
                "disabled": false
              }
            ],
            "description": "",
            "dns_config": [],
            "enable_autopilot": false,
            "enable_binary_authorization": false,
            "enable_intranode_visibility": false,
            "enable_kubernetes_alpha": false,
            "enable_l4_ilb_subsetting": false,
            "enable_legacy_abac": false,
            "enable_shielded_nodes": true,
            "enable_tpu": false,
            "endpoint": "34.133.105.236",
            "gateway_api_config": [],
            "id": "projects/playground-s-11-4465f754/locations/us-central1/clusters/dt-private-cluster",
            "initial_node_count": 1,
            "ip_allocation_policy": [],
            "label_fingerprint": "a9dc16a7",
            "location": "us-central1",
            "logging_config": [
              {
                "enable_components": [
                  "SYSTEM_COMPONENTS",
                  "WORKLOADS"
                ]
              }
            ],
            "logging_service": "logging.googleapis.com/kubernetes",
            "maintenance_policy": [],
            "master_auth": [
              {
                "client_certificate": "",
                "client_certificate_config": [
                  {
                    "issue_client_certificate": false
                  }
                ],
                "client_key": "",
                "cluster_ca_certificate": "LS0tLS1CRUdJTiBDRVJUSUZJQ0FURS0tLS0tCk1JSUVMVENDQXBXZ0F3SUJBZ0lSQUtpbno5NkkxQ2EzbzhaeU05T085SXN3RFFZSktvWklodmNOQVFFTEJRQXcKTHpFdE1Dc0dBMVVFQXhNa09UQXhZbVkzWldFdE5XSTROaTAwTWpsaUxXRTRNekV0T1RoaU9UTmhOVFUwWVdFMApNQ0FYRFRJek1ERXlOekExTWpVek0xb1lEekl3TlRNd01URTVNRFl5TlRNeldqQXZNUzB3S3dZRFZRUURFeVE1Ck1ERmlaamRsWVMwMVlqZzJMVFF5T1dJdFlUZ3pNUzA1T0dJNU0yRTFOVFJoWVRRd2dnR2lNQTBHQ1NxR1NJYjMKRFFFQkFRVUFBNElCandBd2dnR0tBb0lCZ1FEMGdqYXJ6Y001bFBYTmFiczllbnRtZUoxd2VJK1g5WU53MllhZgpNOWgwalNHNHVuZHkvQXJ5TU9NTjEyeG5zY3pySGxkRCt4cGJXVUR3UXUzZE5CL21rT2FCckVTSFdidDRNNjkxClkzbVBZbHdNaHN2SlNNQTdTTEdNcGFJT0EyOE96WFliM0Zhc3h6bWllL3VTSVYzcXlreHJKZ21odzJmZjJQTE4KaWptWExPcjA5WHlrZ2F3T1BKMUsvYzYvZDFiWllaS1ZObmN0YmtxRGVEelhIVk12WkFaMlFENXRhOE5NV0tZZgplNU5QM2grZjdONDhJOVFZbHVFRDV3Q09NYjRNUTVmOVAxSGtIdGowTnFSc0xWbTJrRnhhNndoNXRWeEdTbUpXCm8yd1NWRkxlZjUyTzNmeG51Q01rT21mUUptNkZRaFA3TnFZK0h6eVVDakZCcURPeXZicjd1R3BsQ2Ntb25DaG4KWnB3M1k2ZDZ3RkRwUUFDMFRXVzY1aHhoMUl5RGRGWVlEcUJKNTcvMVNIMnJ5UmhRZUVWOVRvb1pZeTlSb2h1SwpxOG00U210eVdGUWlteFpuZTNpVDQwbDVFMWhyZGFNNFkyY3Brak1VR0M5cjdzclplcXN2aGVuM1V4Z0w0SkxSCnVya2JXSzU0V0dXVW1QaUNKUHAwMEFmREsvTUNBd0VBQWFOQ01FQXdEZ1lEVlIwUEFRSC9CQVFEQWdJRU1BOEcKQTFVZEV3RUIvd1FGTUFNQkFmOHdIUVlEVlIwT0JCWUVGSm9hM1pUMVltK0c0cm12V2hHaFExZHBTRTNCTUEwRwpDU3FHU0liM0RRRUJDd1VBQTRJQmdRRHIxNnR4VnEwMVNiNXdSU01CbzltMkdGS0llVER5L1NLWERMWkhoaXFTCkVKTTNPK1pWeEJvR0tLOTU5Tm5hVzcvN1E1L3lVcm9OOUJwZWlPYTluajlDbkpsYWREdkUxbzV5ZmRIWFlzZjAKckorTlBhaG8rV0E4RThOYWpaYjRmdTlOa09BYUlIb01ucUJoVk1iSEE2UjRjclR6VWQvaWZrSEdHOTVEY01mRgo3cHdkc2ZBSDhkeXRja1BuQkp6bWtOTGhYUElqN1h0THViaE9mampGNURVVk1zblVNc3BsYy9EUzQ2eWZtNm05CmdSYjYwV3ZGZWRTMThkSU5KbHhERnJjdEdzc2ZoaHhlejM0eDc4YzNRanJlYnovRGFJRjBjbGZXTGJrN1lrdDIKekVGNitPckhPcnpFSy85ZE1BRHBXU2Q0QWx6YkNVQjZ4eUZSRVhnY0VlUUdXejcwMXo0MWUzRSs3UWpoSGhCRApaNFFjcXBudk1wQlQrNk14RjZTQlFFMk0rbi82SFV0cU42T284cG1GR2ZUeGpXeXlKam9FYXQvd2d5ZTJKbEhLClppVGVCL0MwMFFjNjFxTFQzOE54dVZWeFRqMEMvZGFzNklrOHFuWmRrNmR0UUNoVkdsbkRTNXlTZVZqR2IzSFoKS1RlOG5uUTY1NGNsU3ZzT2lBWHRudms9Ci0tLS0tRU5EIENFUlRJRklDQVRFLS0tLS0K"
              }
            ],
            "master_authorized_networks_config": [],
            "master_version": "1.24.8-gke.2000",
            "mesh_certificates": [],
            "min_master_version": null,
            "monitoring_config": [
              {
                "enable_components": [
                  "SYSTEM_COMPONENTS"
                ],
                "managed_prometheus": []
              }
            ],
            "monitoring_service": "monitoring.googleapis.com/kubernetes",
            "name": "dt-private-cluster",
            "network": "projects/playground-s-11-4465f754/global/networks/dt-vpc",
            "network_policy": [
              {
                "enabled": false,
                "provider": "PROVIDER_UNSPECIFIED"
              }
            ],
            "networking_mode": "ROUTES",
            "node_config": [
              {
                "boot_disk_kms_key": "",
                "disk_size_gb": 100,
                "disk_type": "pd-balanced",
                "gcfs_config": [],
                "guest_accelerator": [],
                "gvnic": [],
                "image_type": "COS_CONTAINERD",
                "kubelet_config": [],
                "labels": {
                  "cloud.google.com/gke-nodepool": "default-pool"
                },
                "linux_node_config": [],
                "local_ssd_count": 0,
                "logging_variant": "DEFAULT",
                "machine_type": "n1-standard-1",
                "metadata": {
                  "disable-legacy-endpoints": "true"
                },
                "min_cpu_platform": "Intel Skylake",
                "node_group": "",
                "oauth_scopes": [
                  "https://www.googleapis.com/auth/compute",
                  "https://www.googleapis.com/auth/devstorage.read_only",
                  "https://www.googleapis.com/auth/logging.write",
                  "https://www.googleapis.com/auth/monitoring"
                ],
                "preemptible": false,
                "reservation_affinity": [],
                "resource_labels": null,
                "service_account": "default",
                "shielded_instance_config": [
                  {
                    "enable_integrity_monitoring": true,
                    "enable_secure_boot": false
                  }
                ],
                "spot": false,
                "tags": null,
                "taint": [],
                "workload_metadata_config": []
              }
            ],
            "node_locations": [
              "us-central1-a",
              "us-central1-b",
              "us-central1-f"
            ],
            "node_pool": [
              {
                "autoscaling": [],
                "initial_node_count": 1,
                "instance_group_urls": [
                  "https://www.googleapis.com/compute/v1/projects/playground-s-11-4465f754/zones/us-central1-a/instanceGroupManagers/gke-dt-private-cluster-default-pool-94a1cef4-grp",
                  "https://www.googleapis.com/compute/v1/projects/playground-s-11-4465f754/zones/us-central1-b/instanceGroupManagers/gke-dt-private-cluster-default-pool-66596b7e-grp",
                  "https://www.googleapis.com/compute/v1/projects/playground-s-11-4465f754/zones/us-central1-f/instanceGroupManagers/gke-dt-private-cluster-default-pool-d0ebcb9b-grp"
                ],
                "managed_instance_group_urls": [
                  "https://www.googleapis.com/compute/v1/projects/playground-s-11-4465f754/zones/us-central1-a/instanceGroups/gke-dt-private-cluster-default-pool-94a1cef4-grp",
                  "https://www.googleapis.com/compute/v1/projects/playground-s-11-4465f754/zones/us-central1-b/instanceGroups/gke-dt-private-cluster-default-pool-66596b7e-grp",
                  "https://www.googleapis.com/compute/v1/projects/playground-s-11-4465f754/zones/us-central1-f/instanceGroups/gke-dt-private-cluster-default-pool-d0ebcb9b-grp"
                ],
                "management": [
                  {
                    "auto_repair": true,
                    "auto_upgrade": true
                  }
                ],
                "max_pods_per_node": 0,
                "name": "default-pool",
                "name_prefix": "",
                "network_config": [
                  {
                    "create_pod_range": false,
                    "enable_private_nodes": false,
                    "pod_ipv4_cidr_block": "",
                    "pod_range": ""
                  }
                ],
                "node_config": [
                  {
                    "boot_disk_kms_key": "",
                    "disk_size_gb": 100,
                    "disk_type": "pd-balanced",
                    "gcfs_config": [],
                    "guest_accelerator": [],
                    "gvnic": [],
                    "image_type": "COS_CONTAINERD",
                    "kubelet_config": [],
                    "labels": {
                      "cloud.google.com/gke-nodepool": "default-pool"
                    },
                    "linux_node_config": [],
                    "local_ssd_count": 0,
                    "logging_variant": "DEFAULT",
                    "machine_type": "n1-standard-1",
                    "metadata": {
                      "disable-legacy-endpoints": "true"
                    },
                    "min_cpu_platform": "Intel Skylake",
                    "node_group": "",
                    "oauth_scopes": [
                      "https://www.googleapis.com/auth/compute",
                      "https://www.googleapis.com/auth/devstorage.read_only",
                      "https://www.googleapis.com/auth/logging.write",
                      "https://www.googleapis.com/auth/monitoring"
                    ],
                    "preemptible": false,
                    "reservation_affinity": [],
                    "resource_labels": {},
                    "service_account": "default",
                    "shielded_instance_config": [
                      {
                        "enable_integrity_monitoring": true,
                        "enable_secure_boot": false
                      }
                    ],
                    "spot": false,
                    "tags": [],
                    "taint": [],
                    "workload_metadata_config": []
                  }
                ],
                "node_count": 1,
                "node_locations": [
                  "us-central1-a",
                  "us-central1-b",
                  "us-central1-f"
                ],
                "placement_policy": [],
                "upgrade_settings": [
                  {
                    "blue_green_settings": [],
                    "max_surge": 1,
                    "max_unavailable": 0,
                    "strategy": "SURGE"
                  }
                ],
                "version": "1.24.8-gke.2000"
              }
            ],
            "node_pool_defaults": [
              {
                "node_config_defaults": [
                  {
                    "logging_variant": "DEFAULT"
                  }
                ]
              }
            ],
            "node_version": "1.24.8-gke.2000",
            "notification_config": [
              {
                "pubsub": [
                  {
                    "enabled": false,
                    "filter": [],
                    "topic": ""
                  }
                ]
              }
            ],
            "operation": null,
            "private_cluster_config": [
              {
                "enable_private_endpoint": false,
                "enable_private_nodes": false,
                "master_global_access_config": [
                  {
                    "enabled": false
                  }
                ],
                "master_ipv4_cidr_block": "",
                "peering_name": "",
                "private_endpoint": "10.0.0.2",
                "private_endpoint_subnetwork": "",
                "public_endpoint": "34.133.105.236"
              }
            ],
            "private_ipv6_google_access": "",
            "project": "playground-s-11-4465f754",
            "release_channel": [
              {
                "channel": "REGULAR"
              }
            ],
            "remove_default_node_pool": null,
            "resource_labels": null,
            "resource_usage_export_config": [],
            "self_link": "https://container.googleapis.com/v1/projects/playground-s-11-4465f754/locations/us-central1/clusters/dt-private-cluster",
            "service_external_ips_config": [
              {
                "enabled": false
              }
            ],
            "services_ipv4_cidr": "10.7.240.0/20",
            "subnetwork": "projects/playground-s-11-4465f754/regions/us-central1/subnetworks/dt-subnet",
            "timeouts": null,
            "tpu_ipv4_cidr_block": "",
            "vertical_pod_autoscaling": [],
            "workload_identity_config": []
          },
          "sensitive_attributes": [],
          "private": "eyJlMmJmYjczMC1lY2FhLTExZTYtOGY4OC0zNDM2M2JjN2M0YzAiOnsiY3JlYXRlIjoyNDAwMDAwMDAwMDAwLCJkZWxldGUiOjI0MDAwMDAwMDAwMDAsInJlYWQiOjI0MDAwMDAwMDAwMDAsInVwZGF0ZSI6MzYwMDAwMDAwMDAwMH0sInNjaGVtYV92ZXJzaW9uIjoiMSJ9",
          "dependencies": [
            "google_compute_network.my_vpc",
            "google_compute_subnetwork.my_subnet"
          ]
        }
      ]
    },
    {
      "mode": "managed",
      "type": "google_container_node_pool",
      "name": "my_node_pool",
      "provider": "provider[\"registry.terraform.io/hashicorp/google\"]",
      "instances": [
        {
          "status": "tainted",
          "schema_version": 1,
          "attributes": {
            "autoscaling": [
              {
                "location_policy": "",
                "max_node_count": 6,
                "min_node_count": 1,
                "total_max_node_count": 0,
                "total_min_node_count": 0
              }
            ],
            "cluster": "dt-private-cluster",
            "id": "projects/playground-s-11-4465f754/locations/us-central1-c/clusters/dt-private-cluster/nodePools/my-node-pool",
            "initial_node_count": null,
            "instance_group_urls": null,
            "location": null,
            "managed_instance_group_urls": null,
            "management": null,
            "max_pods_per_node": null,
            "name": "my-node-pool",
            "name_prefix": null,
            "network_config": null,
            "node_config": null,
            "node_count": 1,
            "node_locations": [],
            "operation": null,
            "placement_policy": [],
            "project": null,
            "timeouts": null,
            "upgrade_settings": null,
            "version": null
          },
          "sensitive_attributes": [],
          "private": "eyJlMmJmYjczMC1lY2FhLTExZTYtOGY4OC0zNDM2M2JjN2M0YzAiOnsiY3JlYXRlIjoxODAwMDAwMDAwMDAwLCJkZWxldGUiOjE4MDAwMDAwMDAwMDAsInVwZGF0ZSI6MTgwMDAwMDAwMDAwMH0sInNjaGVtYV92ZXJzaW9uIjoiMSJ9",
          "dependencies": [
            "google_compute_network.my_vpc",
            "google_compute_subnetwork.my_subnet",
            "google_container_cluster.my_cluster"
          ]
        }
      ]
    }
  ],
  "check_results": []
}
